
Microsoft Visual Studio Solution File, Format Version 12.00
# Visual Studio Version 17
VisualStudioVersion = 17.5.33516.290
MinimumVisualStudioVersion = 10.0.40219.1
Project("{9A19103F-16F7-4668-BE54-9A1E7A4F7556}") = "WeatherForcastApp", "WeatherForcastApp.csproj", "{FB268269-6259-4117-8DD6-EBF18A2F2186}"
EndProject
Project("{FAE04EC0-301F-11D3-BF4B-00C04F79EFBC}") = "WeatherForcstTestProject", "..\WeatherForcstTestProject\WeatherForcstTestProject.csproj", "{02D0B7F6-454E-4D86-B1A5-18987874327D}"
EndProject
Global
	GlobalSection(SolutionConfigurationPlatforms) = preSolution
		Debug|Any CPU = Debug|Any CPU
		Release|Any CPU = Release|Any CPU
	EndGlobalSection
	GlobalSection(ProjectConfigurationPlatforms) = postSolution
		{FB268269-6259-4117-8DD6-EBF18A2F2186}.Debug|Any CPU.ActiveCfg = Debug|Any CPU
		{FB268269-6259-4117-8DD6-EBF18A2F2186}.Debug|Any CPU.Build.0 = Debug|Any CPU
		{FB268269-6259-4117-8DD6-EBF18A2F2186}.Release|Any CPU.ActiveCfg = Release|Any CPU
		{FB268269-6259-4117-8DD6-EBF18A2F2186}.Release|Any CPU.Build.0 = Release|Any CPU
		{02D0B7F6-454E-4D86-B1A5-18987874327D}.Debug|Any CPU.ActiveCfg = Debug|Any CPU
		{02D0B7F6-454E-4D86-B1A5-18987874327D}.Debug|Any CPU.Build.0 = Debug|Any CPU
		{02D0B7F6-454E-4D86-B1A5-18987874327D}.Release|Any CPU.ActiveCfg = Release|Any CPU
		{02D0B7F6-454E-4D86-B1A5-18987874327D}.Release|Any CPU.Build.0 = Release|Any CPU
	EndGlobalSection
	GlobalSection(SolutionProperties) = preSolution
		HideSolutionNode = FALSE
	EndGlobalSection
	GlobalSection(ExtensibilityGlobals) = postSolution
		SolutionGuid = {A76BE7D6-FFE6-4968-AD9B-E7786BD80F35}
	EndGlobalSection
EndGlobal
